
Microsoft Visual Studio Solution File, Format Version 12.00
# Visual Studio 2012
Project("{FAE04EC0-301F-11D3-BF4B-00C04F79EFBC}") = "Ax", "Ax\Ax.csproj", "{B306D2CE-21B5-4770-BC35-399D852AF60D}"
EndProject
Project("{FAE04EC0-301F-11D3-BF4B-00C04F79EFBC}") = "Ax.Tests", "Ax.Tests\Ax.Tests.csproj", "{17E66ACF-081D-4D83-90B7-AF7711F2301D}"
EndProject
Project("{2150E333-8FDC-42A3-9474-1A3956D46DE8}") = "Examples", "Examples", "{6C963172-06C8-4CF3-BAB2-C73E0B4A68BB}"
EndProject
Project("{2150E333-8FDC-42A3-9474-1A3956D46DE8}") = "Simple", "Simple", "{65E9BF4D-605A-4DCF-BDD9-8A05E2760C35}"
EndProject
Project("{FAE04EC0-301F-11D3-BF4B-00C04F79EFBC}") = "HelloWorld", "Examples\HelloWorld\HelloWorld.csproj", "{649A88B8-6AC0-4A4A-BA7A-2FA5152AA478}"
EndProject
Project("{FAE04EC0-301F-11D3-BF4B-00C04F79EFBC}") = "LookMomNoLocks", "Examples\LookMomNoLocks\LookMomNoLocks.csproj", "{BBC9201A-8B43-4EA3-AA90-7CD724B0B7B0}"
EndProject
Project("{2150E333-8FDC-42A3-9474-1A3956D46DE8}") = "Tests and Examples", "Tests and Examples", "{B317DB67-54B0-4347-831A-08715EBDE415}"
EndProject
Project("{FAE04EC0-301F-11D3-BF4B-00C04F79EFBC}") = "MessageHandling", "Examples\MessageHandling\MessageHandling.csproj", "{378F9CA0-4593-4EFE-B378-AAD5F564AF4B}"
EndProject
Project("{FAE04EC0-301F-11D3-BF4B-00C04F79EFBC}") = "ExceptionHandling", "Examples\ExceptionHandling\ExceptionHandling.csproj", "{9A55CDFC-D084-4B9B-9102-082E4C332EA8}"
EndProject
Project("{FAE04EC0-301F-11D3-BF4B-00C04F79EFBC}") = "WithLogging", "WithLogging\WithLogging.csproj", "{815ABB72-D1D6-4350-9E0F-F659A13E635A}"
EndProject
Global
	GlobalSection(SolutionConfigurationPlatforms) = preSolution
		Debug|Any CPU = Debug|Any CPU
		Release|Any CPU = Release|Any CPU
	EndGlobalSection
	GlobalSection(ProjectConfigurationPlatforms) = postSolution
		{B306D2CE-21B5-4770-BC35-399D852AF60D}.Debug|Any CPU.ActiveCfg = Debug|Any CPU
		{B306D2CE-21B5-4770-BC35-399D852AF60D}.Debug|Any CPU.Build.0 = Debug|Any CPU
		{B306D2CE-21B5-4770-BC35-399D852AF60D}.Release|Any CPU.ActiveCfg = Release|Any CPU
		{B306D2CE-21B5-4770-BC35-399D852AF60D}.Release|Any CPU.Build.0 = Release|Any CPU
		{17E66ACF-081D-4D83-90B7-AF7711F2301D}.Debug|Any CPU.ActiveCfg = Debug|Any CPU
		{17E66ACF-081D-4D83-90B7-AF7711F2301D}.Debug|Any CPU.Build.0 = Debug|Any CPU
		{17E66ACF-081D-4D83-90B7-AF7711F2301D}.Release|Any CPU.ActiveCfg = Release|Any CPU
		{17E66ACF-081D-4D83-90B7-AF7711F2301D}.Release|Any CPU.Build.0 = Release|Any CPU
		{649A88B8-6AC0-4A4A-BA7A-2FA5152AA478}.Debug|Any CPU.ActiveCfg = Debug|Any CPU
		{649A88B8-6AC0-4A4A-BA7A-2FA5152AA478}.Debug|Any CPU.Build.0 = Debug|Any CPU
		{649A88B8-6AC0-4A4A-BA7A-2FA5152AA478}.Release|Any CPU.ActiveCfg = Release|Any CPU
		{649A88B8-6AC0-4A4A-BA7A-2FA5152AA478}.Release|Any CPU.Build.0 = Release|Any CPU
		{BBC9201A-8B43-4EA3-AA90-7CD724B0B7B0}.Debug|Any CPU.ActiveCfg = Debug|Any CPU
		{BBC9201A-8B43-4EA3-AA90-7CD724B0B7B0}.Debug|Any CPU.Build.0 = Debug|Any CPU
		{BBC9201A-8B43-4EA3-AA90-7CD724B0B7B0}.Release|Any CPU.ActiveCfg = Release|Any CPU
		{BBC9201A-8B43-4EA3-AA90-7CD724B0B7B0}.Release|Any CPU.Build.0 = Release|Any CPU
		{378F9CA0-4593-4EFE-B378-AAD5F564AF4B}.Debug|Any CPU.ActiveCfg = Debug|Any CPU
		{378F9CA0-4593-4EFE-B378-AAD5F564AF4B}.Debug|Any CPU.Build.0 = Debug|Any CPU
		{378F9CA0-4593-4EFE-B378-AAD5F564AF4B}.Release|Any CPU.ActiveCfg = Release|Any CPU
		{378F9CA0-4593-4EFE-B378-AAD5F564AF4B}.Release|Any CPU.Build.0 = Release|Any CPU
		{9A55CDFC-D084-4B9B-9102-082E4C332EA8}.Debug|Any CPU.ActiveCfg = Debug|Any CPU
		{9A55CDFC-D084-4B9B-9102-082E4C332EA8}.Debug|Any CPU.Build.0 = Debug|Any CPU
		{9A55CDFC-D084-4B9B-9102-082E4C332EA8}.Release|Any CPU.ActiveCfg = Release|Any CPU
		{9A55CDFC-D084-4B9B-9102-082E4C332EA8}.Release|Any CPU.Build.0 = Release|Any CPU
		{815ABB72-D1D6-4350-9E0F-F659A13E635A}.Debug|Any CPU.ActiveCfg = Debug|Any CPU
		{815ABB72-D1D6-4350-9E0F-F659A13E635A}.Debug|Any CPU.Build.0 = Debug|Any CPU
		{815ABB72-D1D6-4350-9E0F-F659A13E635A}.Release|Any CPU.ActiveCfg = Release|Any CPU
		{815ABB72-D1D6-4350-9E0F-F659A13E635A}.Release|Any CPU.Build.0 = Release|Any CPU
	EndGlobalSection
	GlobalSection(SolutionProperties) = preSolution
		HideSolutionNode = FALSE
	EndGlobalSection
	GlobalSection(NestedProjects) = preSolution
		{6C963172-06C8-4CF3-BAB2-C73E0B4A68BB} = {B317DB67-54B0-4347-831A-08715EBDE415}
		{17E66ACF-081D-4D83-90B7-AF7711F2301D} = {B317DB67-54B0-4347-831A-08715EBDE415}
		{65E9BF4D-605A-4DCF-BDD9-8A05E2760C35} = {6C963172-06C8-4CF3-BAB2-C73E0B4A68BB}
		{649A88B8-6AC0-4A4A-BA7A-2FA5152AA478} = {65E9BF4D-605A-4DCF-BDD9-8A05E2760C35}
		{BBC9201A-8B43-4EA3-AA90-7CD724B0B7B0} = {65E9BF4D-605A-4DCF-BDD9-8A05E2760C35}
		{378F9CA0-4593-4EFE-B378-AAD5F564AF4B} = {65E9BF4D-605A-4DCF-BDD9-8A05E2760C35}
		{9A55CDFC-D084-4B9B-9102-082E4C332EA8} = {65E9BF4D-605A-4DCF-BDD9-8A05E2760C35}
		{815ABB72-D1D6-4350-9E0F-F659A13E635A} = {65E9BF4D-605A-4DCF-BDD9-8A05E2760C35}
	EndGlobalSection
EndGlobal
